// !$*UTF8*$!
{
	archiveVersion = 1;
	classes = {
	};
	objectVersion = 56;
	objects = {

/* Begin PBXBuildFile section */
		462B74CB2B62C4B400319B06 /* AppDelegate.swift in Sources */ = {isa = PBXBuildFile; fileRef = 462B74CA2B62C4B400319B06 /* AppDelegate.swift */; };
		462B74CD2B62C4B400319B06 /* SceneDelegate.swift in Sources */ = {isa = PBXBuildFile; fileRef = 462B74CC2B62C4B400319B06 /* SceneDelegate.swift */; };
		462B74CF2B62C4B400319B06 /* MainScreenViewController.swift in Sources */ = {isa = PBXBuildFile; fileRef = 462B74CE2B62C4B400319B06 /* MainScreenViewController.swift */; };
		462B74D22B62C4B400319B06 /* Main.storyboard in Resources */ = {isa = PBXBuildFile; fileRef = 462B74D02B62C4B400319B06 /* Main.storyboard */; };
		462B74D42B62C4B500319B06 /* Assets.xcassets in Resources */ = {isa = PBXBuildFile; fileRef = 462B74D32B62C4B500319B06 /* Assets.xcassets */; };
		462B74D72B62C4B500319B06 /* LaunchScreen.storyboard in Resources */ = {isa = PBXBuildFile; fileRef = 462B74D52B62C4B500319B06 /* LaunchScreen.storyboard */; };
		462B74E32B62C5FA00319B06 /* R.generated.swift in Sources */ = {isa = PBXBuildFile; fileRef = 462B74E22B62C5FA00319B06 /* R.generated.swift */; };
		4666BE482B62D74B00D40241 /* CornerView.swift in Sources */ = {isa = PBXBuildFile; fileRef = 4666BE472B62D74B00D40241 /* CornerView.swift */; };
		AB8ECD8F206C99F039CBE635 /* Pods_DialogDroid.framework in Frameworks */ = {isa = PBXBuildFile; fileRef = BA909A4C53EC84651296C718 /* Pods_DialogDroid.framework */; };
/* End PBXBuildFile section */

/* Begin PBXFileReference section */
		01F7D319AE533D1FD6324B3C /* Pods-DialogDroid.release.xcconfig */ = {isa = PBXFileReference; includeInIndex = 1; lastKnownFileType = text.xcconfig; name = "Pods-DialogDroid.release.xcconfig"; path = "Target Support Files/Pods-DialogDroid/Pods-DialogDroid.release.xcconfig"; sourceTree = "<group>"; };
		11AB45728D7E4E0040FDDBCD /* Pods-DialogDroid.debug.xcconfig */ = {isa = PBXFileReference; includeInIndex = 1; lastKnownFileType = text.xcconfig; name = "Pods-DialogDroid.debug.xcconfig"; path = "Target Support Files/Pods-DialogDroid/Pods-DialogDroid.debug.xcconfig"; sourceTree = "<group>"; };
		462B74C72B62C4B400319B06 /* DialogDroid.app */ = {isa = PBXFileReference; explicitFileType = wrapper.application; includeInIndex = 0; path = DialogDroid.app; sourceTree = BUILT_PRODUCTS_DIR; };
		462B74CA2B62C4B400319B06 /* AppDelegate.swift */ = {isa = PBXFileReference; lastKnownFileType = sourcecode.swift; path = AppDelegate.swift; sourceTree = "<group>"; };
		462B74CC2B62C4B400319B06 /* SceneDelegate.swift */ = {isa = PBXFileReference; lastKnownFileType = sourcecode.swift; path = SceneDelegate.swift; sourceTree = "<group>"; };
		462B74CE2B62C4B400319B06 /* MainScreenViewController.swift */ = {isa = PBXFileReference; lastKnownFileType = sourcecode.swift; path = MainScreenViewController.swift; sourceTree = "<group>"; };
		462B74D12B62C4B400319B06 /* Base */ = {isa = PBXFileReference; lastKnownFileType = file.storyboard; name = Base; path = Base.lproj/Main.storyboard; sourceTree = "<group>"; };
		462B74D32B62C4B500319B06 /* Assets.xcassets */ = {isa = PBXFileReference; lastKnownFileType = folder.assetcatalog; path = Assets.xcassets; sourceTree = "<group>"; };
		462B74D62B62C4B500319B06 /* Base */ = {isa = PBXFileReference; lastKnownFileType = file.storyboard; name = Base; path = Base.lproj/LaunchScreen.storyboard; sourceTree = "<group>"; };
		462B74D82B62C4B500319B06 /* Info.plist */ = {isa = PBXFileReference; lastKnownFileType = text.plist.xml; path = Info.plist; sourceTree = "<group>"; };
		462B74E22B62C5FA00319B06 /* R.generated.swift */ = {isa = PBXFileReference; fileEncoding = 4; lastKnownFileType = sourcecode.swift; path = R.generated.swift; sourceTree = "<group>"; };
		4666BE472B62D74B00D40241 /* CornerView.swift */ = {isa = PBXFileReference; lastKnownFileType = sourcecode.swift; path = CornerView.swift; sourceTree = "<group>"; };
		BA909A4C53EC84651296C718 /* Pods_DialogDroid.framework */ = {isa = PBXFileReference; explicitFileType = wrapper.framework; includeInIndex = 0; path = Pods_DialogDroid.framework; sourceTree = BUILT_PRODUCTS_DIR; };
/* End PBXFileReference section */

/* Begin PBXFrameworksBuildPhase section */
		462B74C42B62C4B400319B06 /* Frameworks */ = {
			isa = PBXFrameworksBuildPhase;
			buildActionMask = 2147483647;
			files = (
				AB8ECD8F206C99F039CBE635 /* Pods_DialogDroid.framework in Frameworks */,
			);
			runOnlyForDeploymentPostprocessing = 0;
		};
/* End PBXFrameworksBuildPhase section */

/* Begin PBXGroup section */
		462B74BE2B62C4B400319B06 = {
			isa = PBXGroup;
			children = (
				462B74C92B62C4B400319B06 /* DialogDroid */,
				462B74C82B62C4B400319B06 /* Products */,
				8F960CC4BF9591F8DB7D5206 /* Pods */,
				D63EC8B3B33035507F77A357 /* Frameworks */,
			);
			sourceTree = "<group>";
		};
		462B74C82B62C4B400319B06 /* Products */ = {
			isa = PBXGroup;
			children = (
				462B74C72B62C4B400319B06 /* DialogDroid.app */,
			);
			name = Products;
			sourceTree = "<group>";
		};
		462B74C92B62C4B400319B06 /* DialogDroid */ = {
			isa = PBXGroup;
			children = (
				462B74E72B62C76600319B06 /* Presentation */,
				462B74DE2B62C4DD00319B06 /* Sources */,
				462B74E52B62C72B00319B06 /* Application */,
			);
			path = DialogDroid;
			sourceTree = "<group>";
		};
		462B74DE2B62C4DD00319B06 /* Sources */ = {
			isa = PBXGroup;
			children = (
				462B74E62B62C74800319B06 /* SupportingFiles */,
				462B74E02B62C4F000319B06 /* Generated */,
				462B74DF2B62C4E800319B06 /* Resources */,
			);
			path = Sources;
			sourceTree = "<group>";
		};
		462B74DF2B62C4E800319B06 /* Resources */ = {
			isa = PBXGroup;
			children = (
				462B74D32B62C4B500319B06 /* Assets.xcassets */,
			);
			path = Resources;
			sourceTree = "<group>";
		};
		462B74E02B62C4F000319B06 /* Generated */ = {
			isa = PBXGroup;
			children = (
				462B74E22B62C5FA00319B06 /* R.generated.swift */,
			);
			path = Generated;
			sourceTree = "<group>";
		};
		462B74E52B62C72B00319B06 /* Application */ = {
			isa = PBXGroup;
			children = (
				462B74CA2B62C4B400319B06 /* AppDelegate.swift */,
				462B74CC2B62C4B400319B06 /* SceneDelegate.swift */,
			);
			path = Application;
			sourceTree = "<group>";
		};
		462B74E62B62C74800319B06 /* SupportingFiles */ = {
			isa = PBXGroup;
			children = (
				462B74D82B62C4B500319B06 /* Info.plist */,
			);
			path = SupportingFiles;
			sourceTree = "<group>";
		};
		462B74E72B62C76600319B06 /* Presentation */ = {
			isa = PBXGroup;
			children = (
				4666BE452B62D72E00D40241 /* CustomElements */,
				462B74EA2B62C78000319B06 /* MainScreen */,
				462B74E92B62C77500319B06 /* Storyboard */,
				462B74E82B62C76D00319B06 /* LaunchScreen */,
			);
			path = Presentation;
			sourceTree = "<group>";
		};
		462B74E82B62C76D00319B06 /* LaunchScreen */ = {
			isa = PBXGroup;
			children = (
				462B74D52B62C4B500319B06 /* LaunchScreen.storyboard */,
			);
			path = LaunchScreen;
			sourceTree = "<group>";
		};
		462B74E92B62C77500319B06 /* Storyboard */ = {
			isa = PBXGroup;
			children = (
				462B74D02B62C4B400319B06 /* Main.storyboard */,
			);
			path = Storyboard;
			sourceTree = "<group>";
		};
		462B74EA2B62C78000319B06 /* MainScreen */ = {
			isa = PBXGroup;
			children = (
				462B74CE2B62C4B400319B06 /* MainScreenViewController.swift */,
			);
			path = MainScreen;
			sourceTree = "<group>";
		};
		4666BE452B62D72E00D40241 /* CustomElements */ = {
			isa = PBXGroup;
			children = (
				4666BE462B62D73C00D40241 /* Views */,
			);
			path = CustomElements;
			sourceTree = "<group>";
		};
		4666BE462B62D73C00D40241 /* Views */ = {
			isa = PBXGroup;
			children = (
				4666BE472B62D74B00D40241 /* CornerView.swift */,
			);
			path = Views;
			sourceTree = "<group>";
		};
		8F960CC4BF9591F8DB7D5206 /* Pods */ = {
			isa = PBXGroup;
			children = (
				11AB45728D7E4E0040FDDBCD /* Pods-DialogDroid.debug.xcconfig */,
				01F7D319AE533D1FD6324B3C /* Pods-DialogDroid.release.xcconfig */,
			);
			path = Pods;
			sourceTree = "<group>";
		};
		D63EC8B3B33035507F77A357 /* Frameworks */ = {
			isa = PBXGroup;
			children = (
				BA909A4C53EC84651296C718 /* Pods_DialogDroid.framework */,
			);
			name = Frameworks;
			sourceTree = "<group>";
		};
/* End PBXGroup section */

/* Begin PBXNativeTarget section */
		462B74C62B62C4B400319B06 /* DialogDroid */ = {
			isa = PBXNativeTarget;
			buildConfigurationList = 462B74DB2B62C4B500319B06 /* Build configuration list for PBXNativeTarget "DialogDroid" */;
			buildPhases = (
				5B8952117620659435FD67A7 /* [CP] Check Pods Manifest.lock */,
				462B74E42B62C63500319B06 /* Linter */,
				462B74E12B62C54E00319B06 /* R.swift */,
				462B74C32B62C4B400319B06 /* Sources */,
				462B74C42B62C4B400319B06 /* Frameworks */,
				462B74C52B62C4B400319B06 /* Resources */,
				B12F66A31FF0C1132AA67229 /* [CP] Embed Pods Frameworks */,
			);
			buildRules = (
			);
			dependencies = (
			);
			name = DialogDroid;
			productName = DialogDroid;
			productReference = 462B74C72B62C4B400319B06 /* DialogDroid.app */;
			productType = "com.apple.product-type.application";
		};
/* End PBXNativeTarget section */

/* Begin PBXProject section */
		462B74BF2B62C4B400319B06 /* Project object */ = {
			isa = PBXProject;
			attributes = {
				BuildIndependentTargetsInParallel = 1;
				LastSwiftUpdateCheck = 1510;
				LastUpgradeCheck = 1510;
				TargetAttributes = {
					462B74C62B62C4B400319B06 = {
						CreatedOnToolsVersion = 15.1;
					};
				};
			};
			buildConfigurationList = 462B74C22B62C4B400319B06 /* Build configuration list for PBXProject "DialogDroid" */;
			compatibilityVersion = "Xcode 14.0";
			developmentRegion = en;
			hasScannedForEncodings = 0;
			knownRegions = (
				en,
				Base,
			);
			mainGroup = 462B74BE2B62C4B400319B06;
			productRefGroup = 462B74C82B62C4B400319B06 /* Products */;
			projectDirPath = "";
			projectRoot = "";
			targets = (
				462B74C62B62C4B400319B06 /* DialogDroid */,
			);
		};
/* End PBXProject section */

/* Begin PBXResourcesBuildPhase section */
		462B74C52B62C4B400319B06 /* Resources */ = {
			isa = PBXResourcesBuildPhase;
			buildActionMask = 2147483647;
			files = (
				462B74D72B62C4B500319B06 /* LaunchScreen.storyboard in Resources */,
				462B74D42B62C4B500319B06 /* Assets.xcassets in Resources */,
				462B74D22B62C4B400319B06 /* Main.storyboard in Resources */,
			);
			runOnlyForDeploymentPostprocessing = 0;
		};
/* End PBXResourcesBuildPhase section */

/* Begin PBXShellScriptBuildPhase section */
		462B74E12B62C54E00319B06 /* R.swift */ = {
			isa = PBXShellScriptBuildPhase;
			alwaysOutOfDate = 1;
			buildActionMask = 2147483647;
			files = (
			);
			inputFileListPaths = (
			);
			inputPaths = (
			);
			name = R.swift;
			outputFileListPaths = (
			);
			outputPaths = (
				$SRCROOT/DialogDroid/Sources/Generated/R.generated.swift,
			);
			runOnlyForDeploymentPostprocessing = 0;
			shellPath = /bin/sh;
			shellScript = "\"$PODS_ROOT/R.swift/rswift\" generate \"$SRCROOT/DialogDroid/Sources/Generated/R.generated.swift\"\n";
		};
		462B74E42B62C63500319B06 /* Linter */ = {
			isa = PBXShellScriptBuildPhase;
			alwaysOutOfDate = 1;
			buildActionMask = 2147483647;
			files = (
			);
			inputFileListPaths = (
			);
			inputPaths = (
			);
			name = Linter;
			outputFileListPaths = (
			);
			outputPaths = (
			);
			runOnlyForDeploymentPostprocessing = 0;
			shellPath = /bin/sh;
			shellScript = "\"${PODS_ROOT}/SwiftLint/swiftlint\"\n";
		};
		5B8952117620659435FD67A7 /* [CP] Check Pods Manifest.lock */ = {
			isa = PBXShellScriptBuildPhase;
			buildActionMask = 2147483647;
			files = (
			);
			inputFileListPaths = (
			);
			inputPaths = (
				"${PODS_PODFILE_DIR_PATH}/Podfile.lock",
				"${PODS_ROOT}/Manifest.lock",
			);
			name = "[CP] Check Pods Manifest.lock";
			outputFileListPaths = (
			);
			outputPaths = (
				"$(DERIVED_FILE_DIR)/Pods-DialogDroid-checkManifestLockResult.txt",
			);
			runOnlyForDeploymentPostprocessing = 0;
			shellPath = /bin/sh;
			shellScript = "diff \"${PODS_PODFILE_DIR_PATH}/Podfile.lock\" \"${PODS_ROOT}/Manifest.lock\" > /dev/null\nif [ $? != 0 ] ; then\n    # print error to STDERR\n    echo \"error: The sandbox is not in sync with the Podfile.lock. Run 'pod install' or update your CocoaPods installation.\" >&2\n    exit 1\nfi\n# This output is used by Xcode 'outputs' to avoid re-running this script phase.\necho \"SUCCESS\" > \"${SCRIPT_OUTPUT_FILE_0}\"\n";
			showEnvVarsInLog = 0;
		};
		B12F66A31FF0C1132AA67229 /* [CP] Embed Pods Frameworks */ = {
			isa = PBXShellScriptBuildPhase;
			buildActionMask = 2147483647;
			files = (
			);
			inputFileListPaths = (
				"${PODS_ROOT}/Target Support Files/Pods-DialogDroid/Pods-DialogDroid-frameworks-${CONFIGURATION}-input-files.xcfilelist",
			);
			name = "[CP] Embed Pods Frameworks";
			outputFileListPaths = (
				"${PODS_ROOT}/Target Support Files/Pods-DialogDroid/Pods-DialogDroid-frameworks-${CONFIGURATION}-output-files.xcfilelist",
			);
			runOnlyForDeploymentPostprocessing = 0;
			shellPath = /bin/sh;
			shellScript = "\"${PODS_ROOT}/Target Support Files/Pods-DialogDroid/Pods-DialogDroid-frameworks.sh\"\n";
			showEnvVarsInLog = 0;
		};
/* End PBXShellScriptBuildPhase section */

/* Begin PBXSourcesBuildPhase section */
		462B74C32B62C4B400319B06 /* Sources */ = {
			isa = PBXSourcesBuildPhase;
			buildActionMask = 2147483647;
			files = (
				4666BE482B62D74B00D40241 /* CornerView.swift in Sources */,
				462B74CF2B62C4B400319B06 /* MainScreenViewController.swift in Sources */,
				462B74CB2B62C4B400319B06 /* AppDelegate.swift in Sources */,
				462B74CD2B62C4B400319B06 /* SceneDelegate.swift in Sources */,
				462B74E32B62C5FA00319B06 /* R.generated.swift in Sources */,
			);
			runOnlyForDeploymentPostprocessing = 0;
		};
/* End PBXSourcesBuildPhase section */

/* Begin PBXVariantGroup section */
		462B74D02B62C4B400319B06 /* Main.storyboard */ = {
			isa = PBXVariantGroup;
			children = (
				462B74D12B62C4B400319B06 /* Base */,
			);
			name = Main.storyboard;
			sourceTree = "<group>";
		};
		462B74D52B62C4B500319B06 /* LaunchScreen.storyboard */ = {
			isa = PBXVariantGroup;
			children = (
				462B74D62B62C4B500319B06 /* Base */,
			);
			name = LaunchScreen.storyboard;
			sourceTree = "<group>";
		};
/* End PBXVariantGroup section */

/* Begin XCBuildConfiguration section */
		462B74D92B62C4B500319B06 /* Debug */ = {
			isa = XCBuildConfiguration;
			buildSettings = {
				ALWAYS_SEARCH_USER_PATHS = NO;
				ASSETCATALOG_COMPILER_GENERATE_SWIFT_ASSET_SYMBOL_EXTENSIONS = YES;
				CLANG_ANALYZER_NONNULL = YES;
				CLANG_ANALYZER_NUMBER_OBJECT_CONVERSION = YES_AGGRESSIVE;
				CLANG_CXX_LANGUAGE_STANDARD = "gnu++20";
				CLANG_ENABLE_MODULES = YES;
				CLANG_ENABLE_OBJC_ARC = YES;
				CLANG_ENABLE_OBJC_WEAK = YES;
				CLANG_WARN_BLOCK_CAPTURE_AUTORELEASING = YES;
				CLANG_WARN_BOOL_CONVERSION = YES;
				CLANG_WARN_COMMA = YES;
				CLANG_WARN_CONSTANT_CONVERSION = YES;
				CLANG_WARN_DEPRECATED_OBJC_IMPLEMENTATIONS = YES;
				CLANG_WARN_DIRECT_OBJC_ISA_USAGE = YES_ERROR;
				CLANG_WARN_DOCUMENTATION_COMMENTS = YES;
				CLANG_WARN_EMPTY_BODY = YES;
				CLANG_WARN_ENUM_CONVERSION = YES;
				CLANG_WARN_INFINITE_RECURSION = YES;
				CLANG_WARN_INT_CONVERSION = YES;
				CLANG_WARN_NON_LITERAL_NULL_CONVERSION = YES;
				CLANG_WARN_OBJC_IMPLICIT_RETAIN_SELF = YES;
				CLANG_WARN_OBJC_LITERAL_CONVERSION = YES;
				CLANG_WARN_OBJC_ROOT_CLASS = YES_ERROR;
				CLANG_WARN_QUOTED_INCLUDE_IN_FRAMEWORK_HEADER = YES;
				CLANG_WARN_RANGE_LOOP_ANALYSIS = YES;
				CLANG_WARN_STRICT_PROTOTYPES = YES;
				CLANG_WARN_SUSPICIOUS_MOVE = YES;
				CLANG_WARN_UNGUARDED_AVAILABILITY = YES_AGGRESSIVE;
				CLANG_WARN_UNREACHABLE_CODE = YES;
				CLANG_WARN__DUPLICATE_METHOD_MATCH = YES;
				COPY_PHASE_STRIP = NO;
				DEBUG_INFORMATION_FORMAT = dwarf;
				ENABLE_STRICT_OBJC_MSGSEND = YES;
				ENABLE_TESTABILITY = YES;
				ENABLE_USER_SCRIPT_SANDBOXING = NO;
				GCC_C_LANGUAGE_STANDARD = gnu17;
				GCC_DYNAMIC_NO_PIC = NO;
				GCC_NO_COMMON_BLOCKS = YES;
				GCC_OPTIMIZATION_LEVEL = 0;
				GCC_PREPROCESSOR_DEFINITIONS = (
					"DEBUG=1",
					"$(inherited)",
				);
				GCC_WARN_64_TO_32_BIT_CONVERSION = YES;
				GCC_WARN_ABOUT_RETURN_TYPE = YES_ERROR;
				GCC_WARN_UNDECLARED_SELECTOR = YES;
				GCC_WARN_UNINITIALIZED_AUTOS = YES_AGGRESSIVE;
				GCC_WARN_UNUSED_FUNCTION = YES;
				GCC_WARN_UNUSED_VARIABLE = YES;
				IPHONEOS_DEPLOYMENT_TARGET = 17.2;
				LOCALIZATION_PREFERS_STRING_CATALOGS = YES;
				MTL_ENABLE_DEBUG_INFO = INCLUDE_SOURCE;
				MTL_FAST_MATH = YES;
				ONLY_ACTIVE_ARCH = YES;
				SDKROOT = iphoneos;
				SWIFT_ACTIVE_COMPILATION_CONDITIONS = "DEBUG $(inherited)";
				SWIFT_OPTIMIZATION_LEVEL = "-Onone";
			};
			name = Debug;
		};
		462B74DA2B62C4B500319B06 /* Release */ = {
			isa = XCBuildConfiguration;
			buildSettings = {
				ALWAYS_SEARCH_USER_PATHS = NO;
				ASSETCATALOG_COMPILER_GENERATE_SWIFT_ASSET_SYMBOL_EXTENSIONS = YES;
				CLANG_ANALYZER_NONNULL = YES;
				CLANG_ANALYZER_NUMBER_OBJECT_CONVERSION = YES_AGGRESSIVE;
				CLANG_CXX_LANGUAGE_STANDARD = "gnu++20";
				CLANG_ENABLE_MODULES = YES;
				CLANG_ENABLE_OBJC_ARC = YES;
				CLANG_ENABLE_OBJC_WEAK = YES;
				CLANG_WARN_BLOCK_CAPTURE_AUTORELEASING = YES;
				CLANG_WARN_BOOL_CONVERSION = YES;
				CLANG_WARN_COMMA = YES;
				CLANG_WARN_CONSTANT_CONVERSION = YES;
				CLANG_WARN_DEPRECATED_OBJC_IMPLEMENTATIONS = YES;
				CLANG_WARN_DIRECT_OBJC_ISA_USAGE = YES_ERROR;
				CLANG_WARN_DOCUMENTATION_COMMENTS = YES;
				CLANG_WARN_EMPTY_BODY = YES;
				CLANG_WARN_ENUM_CONVERSION = YES;
				CLANG_WARN_INFINITE_RECURSION = YES;
				CLANG_WARN_INT_CONVERSION = YES;
				CLANG_WARN_NON_LITERAL_NULL_CONVERSION = YES;
				CLANG_WARN_OBJC_IMPLICIT_RETAIN_SELF = YES;
				CLANG_WARN_OBJC_LITERAL_CONVERSION = YES;
				CLANG_WARN_OBJC_ROOT_CLASS = YES_ERROR;
				CLANG_WARN_QUOTED_INCLUDE_IN_FRAMEWORK_HEADER = YES;
				CLANG_WARN_RANGE_LOOP_ANALYSIS = YES;
				CLANG_WARN_STRICT_PROTOTYPES = YES;
				CLANG_WARN_SUSPICIOUS_MOVE = YES;
				CLANG_WARN_UNGUARDED_AVAILABILITY = YES_AGGRESSIVE;
				CLANG_WARN_UNREACHABLE_CODE = YES;
				CLANG_WARN__DUPLICATE_METHOD_MATCH = YES;
				COPY_PHASE_STRIP = NO;
				DEBUG_INFORMATION_FORMAT = "dwarf-with-dsym";
				ENABLE_NS_ASSERTIONS = NO;
				ENABLE_STRICT_OBJC_MSGSEND = YES;
				ENABLE_USER_SCRIPT_SANDBOXING = NO;
				GCC_C_LANGUAGE_STANDARD = gnu17;
				GCC_NO_COMMON_BLOCKS = YES;
				GCC_WARN_64_TO_32_BIT_CONVERSION = YES;
				GCC_WARN_ABOUT_RETURN_TYPE = YES_ERROR;
				GCC_WARN_UNDECLARED_SELECTOR = YES;
				GCC_WARN_UNINITIALIZED_AUTOS = YES_AGGRESSIVE;
				GCC_WARN_UNUSED_FUNCTION = YES;
				GCC_WARN_UNUSED_VARIABLE = YES;
				IPHONEOS_DEPLOYMENT_TARGET = 17.2;
				LOCALIZATION_PREFERS_STRING_CATALOGS = YES;
				MTL_ENABLE_DEBUG_INFO = NO;
				MTL_FAST_MATH = YES;
				SDKROOT = iphoneos;
				SWIFT_COMPILATION_MODE = wholemodule;
				VALIDATE_PRODUCT = YES;
			};
			name = Release;
		};
		462B74DC2B62C4B500319B06 /* Debug */ = {
			isa = XCBuildConfiguration;
			baseConfigurationReference = 11AB45728D7E4E0040FDDBCD /* Pods-DialogDroid.debug.xcconfig */;
			buildSettings = {
				ASSETCATALOG_COMPILER_APPICON_NAME = AppIcon;
				ASSETCATALOG_COMPILER_GLOBAL_ACCENT_COLOR_NAME = AccentColor;
				CODE_SIGN_STYLE = Automatic;
				CURRENT_PROJECT_VERSION = 1;
				DEVELOPMENT_TEAM = 68DGCYQ83R;
				GENERATE_INFOPLIST_FILE = YES;
				INFOPLIST_FILE = DialogDroid/Sources/SupportingFiles/Info.plist;
				INFOPLIST_KEY_LSApplicationCategoryType = "public.app-category.education";
				INFOPLIST_KEY_UIApplicationSupportsIndirectInputEvents = YES;
				INFOPLIST_KEY_UILaunchStoryboardName = LaunchScreen;
				INFOPLIST_KEY_UIMainStoryboardFile = Main;
				INFOPLIST_KEY_UIStatusBarStyle = "";
				INFOPLIST_KEY_UISupportedInterfaceOrientations = UIInterfaceOrientationPortrait;
				INFOPLIST_KEY_UISupportedInterfaceOrientations_iPad = "UIInterfaceOrientationLandscapeLeft UIInterfaceOrientationLandscapeRight UIInterfaceOrientationPortrait UIInterfaceOrientationPortraitUpsideDown";
				IPHONEOS_DEPLOYMENT_TARGET = 15.0;
				LD_RUNPATH_SEARCH_PATHS = (
					"$(inherited)",
					"@executable_path/Frameworks",
				);
				MARKETING_VERSION = 1.0;
				PRODUCT_BUNDLE_IDENTIFIER = SergeyChumovskikh.DialogDroid;
				PRODUCT_NAME = "$(TARGET_NAME)";
				SUPPORTED_PLATFORMS = "iphoneos iphonesimulator";
				SUPPORTS_MACCATALYST = NO;
				SUPPORTS_MAC_DESIGNED_FOR_IPHONE_IPAD = NO;
				SWIFT_EMIT_LOC_STRINGS = YES;
				SWIFT_VERSION = 5.0;
				TARGETED_DEVICE_FAMILY = 1;
			};
			name = Debug;
		};
		462B74DD2B62C4B500319B06 /* Release */ = {
			isa = XCBuildConfiguration;
			baseConfigurationReference = 01F7D319AE533D1FD6324B3C /* Pods-DialogDroid.release.xcconfig */;
			buildSettings = {
				ASSETCATALOG_COMPILER_APPICON_NAME = AppIcon;
				ASSETCATALOG_COMPILER_GLOBAL_ACCENT_COLOR_NAME = AccentColor;
				CODE_SIGN_STYLE = Automatic;
				CURRENT_PROJECT_VERSION = 1;
				DEVELOPMENT_TEAM = 68DGCYQ83R;
				GENERATE_INFOPLIST_FILE = YES;
				INFOPLIST_FILE = DialogDroid/Sources/SupportingFiles/Info.plist;
				INFOPLIST_KEY_LSApplicationCategoryType = "public.app-category.education";
				INFOPLIST_KEY_UIApplicationSupportsIndirectInputEvents = YES;
				INFOPLIST_KEY_UILaunchStoryboardName = LaunchScreen;
				INFOPLIST_KEY_UIMainStoryboardFile = Main;
				INFOPLIST_KEY_UIStatusBarStyle = "";
				INFOPLIST_KEY_UISupportedInterfaceOrientations = UIInterfaceOrientationPortrait;
				INFOPLIST_KEY_UISupportedInterfaceOrientations_iPad = "UIInterfaceOrientationLandscapeLeft UIInterfaceOrientationLandscapeRight UIInterfaceOrientationPortrait UIInterfaceOrientationPortraitUpsideDown";
				IPHONEOS_DEPLOYMENT_TARGET = 15.0;
				LD_RUNPATH_SEARCH_PATHS = (
					"$(inherited)",
					"@executable_path/Frameworks",
				);
				MARKETING_VERSION = 1.0;
				PRODUCT_BUNDLE_IDENTIFIER = SergeyChumovskikh.DialogDroid;
				PRODUCT_NAME = "$(TARGET_NAME)";
				SUPPORTED_PLATFORMS = "iphoneos iphonesimulator";
				SUPPORTS_MACCATALYST = NO;
				SUPPORTS_MAC_DESIGNED_FOR_IPHONE_IPAD = NO;
				SWIFT_EMIT_LOC_STRINGS = YES;
				SWIFT_VERSION = 5.0;
				TARGETED_DEVICE_FAMILY = 1;
			};
			name = Release;
		};
/* End XCBuildConfiguration section */

/* Begin XCConfigurationList section */
		462B74C22B62C4B400319B06 /* Build configuration list for PBXProject "DialogDroid" */ = {
			isa = XCConfigurationList;
			buildConfigurations = (
				462B74D92B62C4B500319B06 /* Debug */,
				462B74DA2B62C4B500319B06 /* Release */,
			);
			defaultConfigurationIsVisible = 0;
			defaultConfigurationName = Release;
		};
		462B74DB2B62C4B500319B06 /* Build configuration list for PBXNativeTarget "DialogDroid" */ = {
			isa = XCConfigurationList;
			buildConfigurations = (
				462B74DC2B62C4B500319B06 /* Debug */,
				462B74DD2B62C4B500319B06 /* Release */,
			);
			defaultConfigurationIsVisible = 0;
			defaultConfigurationName = Release;
		};
/* End XCConfigurationList section */
	};
	rootObject = 462B74BF2B62C4B400319B06 /* Project object */;
}
