// !$*UTF8*$!
{
	archiveVersion = 1;
	classes = {
	};
	objectVersion = 56;
	objects = {

/* Begin PBXBuildFile section */
		4611C0892B7BC1D200F56C22 /* ChatScreenViewController.swift in Sources */ = {isa = PBXBuildFile; fileRef = 4611C0882B7BC1D200F56C22 /* ChatScreenViewController.swift */; };
		4611C08C2B7BC42000F56C22 /* ChatScreenTableViewCell.swift in Sources */ = {isa = PBXBuildFile; fileRef = 4611C08B2B7BC42000F56C22 /* ChatScreenTableViewCell.swift */; };
		462B74CB2B62C4B400319B06 /* AppDelegate.swift in Sources */ = {isa = PBXBuildFile; fileRef = 462B74CA2B62C4B400319B06 /* AppDelegate.swift */; };
		462B74CD2B62C4B400319B06 /* SceneDelegate.swift in Sources */ = {isa = PBXBuildFile; fileRef = 462B74CC2B62C4B400319B06 /* SceneDelegate.swift */; };
		462B74CF2B62C4B400319B06 /* MainScreenViewController.swift in Sources */ = {isa = PBXBuildFile; fileRef = 462B74CE2B62C4B400319B06 /* MainScreenViewController.swift */; };
		462B74D22B62C4B400319B06 /* Main.storyboard in Resources */ = {isa = PBXBuildFile; fileRef = 462B74D02B62C4B400319B06 /* Main.storyboard */; };
		462B74D42B62C4B500319B06 /* Assets.xcassets in Resources */ = {isa = PBXBuildFile; fileRef = 462B74D32B62C4B500319B06 /* Assets.xcassets */; };
		462B74D72B62C4B500319B06 /* LaunchScreen.storyboard in Resources */ = {isa = PBXBuildFile; fileRef = 462B74D52B62C4B500319B06 /* LaunchScreen.storyboard */; };
		462B74E32B62C5FA00319B06 /* R.generated.swift in Sources */ = {isa = PBXBuildFile; fileRef = 462B74E22B62C5FA00319B06 /* R.generated.swift */; };
		465114F72B641BC50047F357 /* SettingsScreenViewController.swift in Sources */ = {isa = PBXBuildFile; fileRef = 465114F62B641BC50047F357 /* SettingsScreenViewController.swift */; };
		465114FB2B641C450047F357 /* SettingsCollectionViewCell.swift in Sources */ = {isa = PBXBuildFile; fileRef = 465114F92B641C450047F357 /* SettingsCollectionViewCell.swift */; };
		465114FC2B641C450047F357 /* SettingsCollectionViewCell.xib in Resources */ = {isa = PBXBuildFile; fileRef = 465114FA2B641C450047F357 /* SettingsCollectionViewCell.xib */; };
		465115012B641E1D0047F357 /* SettingsScreenModel.swift in Sources */ = {isa = PBXBuildFile; fileRef = 465115002B641E1D0047F357 /* SettingsScreenModel.swift */; };
		465EC51A2B6944DB00451537 /* MusicScreenViewController.swift in Sources */ = {isa = PBXBuildFile; fileRef = 465EC5192B6944DB00451537 /* MusicScreenViewController.swift */; };
		465EC51D2B6947DA00451537 /* MusicSettingsCollectionViewCell.swift in Sources */ = {isa = PBXBuildFile; fileRef = 465EC51B2B6947DA00451537 /* MusicSettingsCollectionViewCell.swift */; };
		465EC51E2B6947DA00451537 /* MusicSettingsCollectionViewCell.xib in Resources */ = {isa = PBXBuildFile; fileRef = 465EC51C2B6947DA00451537 /* MusicSettingsCollectionViewCell.xib */; };
		465EC5202B69547100451537 /* MusicScreenModel.swift in Sources */ = {isa = PBXBuildFile; fileRef = 465EC51F2B69547100451537 /* MusicScreenModel.swift */; };
		465EC5252B6A9D0400451537 /* UserDefaultStorage.swift in Sources */ = {isa = PBXBuildFile; fileRef = 465EC5242B6A9D0400451537 /* UserDefaultStorage.swift */; };
		465EC5272B6A9D1A00451537 /* ApplicationSettings.swift in Sources */ = {isa = PBXBuildFile; fileRef = 465EC5262B6A9D1A00451537 /* ApplicationSettings.swift */; };
		465EC5292B6A9FAA00451537 /* ApplicationStorage.swift in Sources */ = {isa = PBXBuildFile; fileRef = 465EC5282B6A9FAA00451537 /* ApplicationStorage.swift */; };
		465EC52C2B6AA0DC00451537 /* Bundle+Extensions.swift in Sources */ = {isa = PBXBuildFile; fileRef = 465EC52B2B6AA0DC00451537 /* Bundle+Extensions.swift */; };
		465EC52E2B6AA1D400451537 /* SettingsProvider.swift in Sources */ = {isa = PBXBuildFile; fileRef = 465EC52D2B6AA1D400451537 /* SettingsProvider.swift */; };
		4663B2EF2B89FBB8006067F1 /* LaunchScreenViewController.swift in Sources */ = {isa = PBXBuildFile; fileRef = 4663B2EE2B89FBB8006067F1 /* LaunchScreenViewController.swift */; };
		4663B2F42B8A059A006067F1 /* Animation1.json in Resources */ = {isa = PBXBuildFile; fileRef = 4663B2F12B8A059A006067F1 /* Animation1.json */; };
		4663B2F52B8A059A006067F1 /* Animation3.json in Resources */ = {isa = PBXBuildFile; fileRef = 4663B2F22B8A059A006067F1 /* Animation3.json */; };
		4663B2F62B8A059A006067F1 /* Animation2.json in Resources */ = {isa = PBXBuildFile; fileRef = 4663B2F32B8A059A006067F1 /* Animation2.json */; };
		4666BE482B62D74B00D40241 /* CornerView.swift in Sources */ = {isa = PBXBuildFile; fileRef = 4666BE472B62D74B00D40241 /* CornerView.swift */; };
		4669DFBB2B87C66300227907 /* AIManager.swift in Sources */ = {isa = PBXBuildFile; fileRef = 4669DFBA2B87C66300227907 /* AIManager.swift */; };
		4669DFBF2B87C85100227907 /* NotLocalizable.strings in Resources */ = {isa = PBXBuildFile; fileRef = 4669DFBE2B87C85100227907 /* NotLocalizable.strings */; };
		466CCE712B73D46A00551745 /* CoreDataService.swift in Sources */ = {isa = PBXBuildFile; fileRef = 466CCE702B73D46A00551745 /* CoreDataService.swift */; };
		466CCE732B73D74300551745 /* CoreDataManager.swift in Sources */ = {isa = PBXBuildFile; fileRef = 466CCE722B73D74200551745 /* CoreDataManager.swift */; };
		466CCE762B73DAF200551745 /* DataModel.xcdatamodeld in Sources */ = {isa = PBXBuildFile; fileRef = 466CCE742B73DAF200551745 /* DataModel.xcdatamodeld */; };
		466CCE7E2B73DDD400551745 /* MessageModel.swift in Sources */ = {isa = PBXBuildFile; fileRef = 466CCE7D2B73DDD400551745 /* MessageModel.swift */; };
		466CCE822B73DEDF00551745 /* CoreDataChatMessage+CoreDataClass.swift in Sources */ = {isa = PBXBuildFile; fileRef = 466CCE802B73DEDF00551745 /* CoreDataChatMessage+CoreDataClass.swift */; };
		466CCE832B73DEDF00551745 /* CoreDataChatMessage+CoreDataProperties.swift in Sources */ = {isa = PBXBuildFile; fileRef = 466CCE812B73DEDF00551745 /* CoreDataChatMessage+CoreDataProperties.swift */; };
		467014AA2B7F7BBC00C09328 /* ChatScreenView.swift in Sources */ = {isa = PBXBuildFile; fileRef = 467014A92B7F7BBC00C09328 /* ChatScreenView.swift */; };
		4687F2DB2B80F2EC00DEF663 /* RoleScreenViewController.swift in Sources */ = {isa = PBXBuildFile; fileRef = 4687F2DA2B80F2EC00DEF663 /* RoleScreenViewController.swift */; };
		4687F2DF2B80F3EF00DEF663 /* RoleScreenTableViewCell.swift in Sources */ = {isa = PBXBuildFile; fileRef = 4687F2DD2B80F3EF00DEF663 /* RoleScreenTableViewCell.swift */; };
		4687F2E02B80F3EF00DEF663 /* RoleScreenTableViewCell.xib in Resources */ = {isa = PBXBuildFile; fileRef = 4687F2DE2B80F3EF00DEF663 /* RoleScreenTableViewCell.xib */; };
		4687F2E42B80F86300DEF663 /* ChatRole.swift in Sources */ = {isa = PBXBuildFile; fileRef = 4687F2E32B80F86300DEF663 /* ChatRole.swift */; };
		46BFE29D2B8509F900FDA585 /* AIClient.swift in Sources */ = {isa = PBXBuildFile; fileRef = 46BFE29C2B8509F900FDA585 /* AIClient.swift */; };
		46BFE29F2B850AD400FDA585 /* AIClientModel.swift in Sources */ = {isa = PBXBuildFile; fileRef = 46BFE29E2B850AD400FDA585 /* AIClientModel.swift */; };
		46BFE2A12B850B5500FDA585 /* AIClientModelType.swift in Sources */ = {isa = PBXBuildFile; fileRef = 46BFE2A02B850B5500FDA585 /* AIClientModelType.swift */; };
		46BFE2A32B850C1600FDA585 /* AIClientEndpoint.swift in Sources */ = {isa = PBXBuildFile; fileRef = 46BFE2A22B850C1600FDA585 /* AIClientEndpoint.swift */; };
		46BFE2A52B850CD100FDA585 /* AIClientCommand.swift in Sources */ = {isa = PBXBuildFile; fileRef = 46BFE2A42B850CD100FDA585 /* AIClientCommand.swift */; };
		46BFE2A72B850EF800FDA585 /* ApplicationConstants.swift in Sources */ = {isa = PBXBuildFile; fileRef = 46BFE2A62B850EF800FDA585 /* ApplicationConstants.swift */; };
		46D1B3642B78C80000BF323E /* music2.mp3 in Resources */ = {isa = PBXBuildFile; fileRef = 46D1B35D2B78C7FF00BF323E /* music2.mp3 */; };
		46D1B3652B78C80000BF323E /* music1.mp3 in Resources */ = {isa = PBXBuildFile; fileRef = 46D1B35E2B78C7FF00BF323E /* music1.mp3 */; };
		46D1B3662B78C80000BF323E /* music3.mp3 in Resources */ = {isa = PBXBuildFile; fileRef = 46D1B35F2B78C80000BF323E /* music3.mp3 */; };
		46D1B3672B78C80000BF323E /* music4.mp3 in Resources */ = {isa = PBXBuildFile; fileRef = 46D1B3602B78C80000BF323E /* music4.mp3 */; };
		46D1B3682B78C80000BF323E /* music6.mp3 in Resources */ = {isa = PBXBuildFile; fileRef = 46D1B3612B78C80000BF323E /* music6.mp3 */; };
		46D1B3692B78C80000BF323E /* music5.mp3 in Resources */ = {isa = PBXBuildFile; fileRef = 46D1B3622B78C80000BF323E /* music5.mp3 */; };
		46D1B36A2B78C80000BF323E /* music7.mp3 in Resources */ = {isa = PBXBuildFile; fileRef = 46D1B3632B78C80000BF323E /* music7.mp3 */; };
		46D1B36D2B78C82800BF323E /* MusicPlayer.swift in Sources */ = {isa = PBXBuildFile; fileRef = 46D1B36C2B78C82800BF323E /* MusicPlayer.swift */; };
		46D1B36F2B78C8F300BF323E /* MusicPlayerManager.swift in Sources */ = {isa = PBXBuildFile; fileRef = 46D1B36E2B78C8F300BF323E /* MusicPlayerManager.swift */; };
		46E8FA222B71473200BCA83E /* Localizable.strings in Resources */ = {isa = PBXBuildFile; fileRef = 46E8FA242B71473200BCA83E /* Localizable.strings */; };
		46EAE11F2B7F869300082E39 /* Notification+Extensions.swift in Sources */ = {isa = PBXBuildFile; fileRef = 46EAE11E2B7F869300082E39 /* Notification+Extensions.swift */; };
		46EAE1212B7F86E400082E39 /* UIView.AnimationOptions+Extensions.swift in Sources */ = {isa = PBXBuildFile; fileRef = 46EAE1202B7F86E400082E39 /* UIView.AnimationOptions+Extensions.swift */; };
		AB8ECD8F206C99F039CBE635 /* Pods_DialogDroid.framework in Frameworks */ = {isa = PBXBuildFile; fileRef = BA909A4C53EC84651296C718 /* Pods_DialogDroid.framework */; };
/* End PBXBuildFile section */

/* Begin PBXFileReference section */
		01F7D319AE533D1FD6324B3C /* Pods-DialogDroid.release.xcconfig */ = {isa = PBXFileReference; includeInIndex = 1; lastKnownFileType = text.xcconfig; name = "Pods-DialogDroid.release.xcconfig"; path = "Target Support Files/Pods-DialogDroid/Pods-DialogDroid.release.xcconfig"; sourceTree = "<group>"; };
		11AB45728D7E4E0040FDDBCD /* Pods-DialogDroid.debug.xcconfig */ = {isa = PBXFileReference; includeInIndex = 1; lastKnownFileType = text.xcconfig; name = "Pods-DialogDroid.debug.xcconfig"; path = "Target Support Files/Pods-DialogDroid/Pods-DialogDroid.debug.xcconfig"; sourceTree = "<group>"; };
		4611C0882B7BC1D200F56C22 /* ChatScreenViewController.swift */ = {isa = PBXFileReference; lastKnownFileType = sourcecode.swift; path = ChatScreenViewController.swift; sourceTree = "<group>"; };
		4611C08B2B7BC42000F56C22 /* ChatScreenTableViewCell.swift */ = {isa = PBXFileReference; lastKnownFileType = sourcecode.swift; path = ChatScreenTableViewCell.swift; sourceTree = "<group>"; };
		462B74C72B62C4B400319B06 /* DialogDroid.app */ = {isa = PBXFileReference; explicitFileType = wrapper.application; includeInIndex = 0; path = DialogDroid.app; sourceTree = BUILT_PRODUCTS_DIR; };
		462B74CA2B62C4B400319B06 /* AppDelegate.swift */ = {isa = PBXFileReference; lastKnownFileType = sourcecode.swift; path = AppDelegate.swift; sourceTree = "<group>"; };
		462B74CC2B62C4B400319B06 /* SceneDelegate.swift */ = {isa = PBXFileReference; lastKnownFileType = sourcecode.swift; path = SceneDelegate.swift; sourceTree = "<group>"; };
		462B74CE2B62C4B400319B06 /* MainScreenViewController.swift */ = {isa = PBXFileReference; lastKnownFileType = sourcecode.swift; path = MainScreenViewController.swift; sourceTree = "<group>"; };
		462B74D12B62C4B400319B06 /* Base */ = {isa = PBXFileReference; lastKnownFileType = file.storyboard; name = Base; path = Base.lproj/Main.storyboard; sourceTree = "<group>"; };
		462B74D32B62C4B500319B06 /* Assets.xcassets */ = {isa = PBXFileReference; lastKnownFileType = folder.assetcatalog; path = Assets.xcassets; sourceTree = "<group>"; };
		462B74D62B62C4B500319B06 /* Base */ = {isa = PBXFileReference; lastKnownFileType = file.storyboard; name = Base; path = Base.lproj/LaunchScreen.storyboard; sourceTree = "<group>"; };
		462B74D82B62C4B500319B06 /* Info.plist */ = {isa = PBXFileReference; lastKnownFileType = text.plist.xml; path = Info.plist; sourceTree = "<group>"; };
		462B74E22B62C5FA00319B06 /* R.generated.swift */ = {isa = PBXFileReference; fileEncoding = 4; lastKnownFileType = sourcecode.swift; path = R.generated.swift; sourceTree = "<group>"; };
		465114F62B641BC50047F357 /* SettingsScreenViewController.swift */ = {isa = PBXFileReference; lastKnownFileType = sourcecode.swift; path = SettingsScreenViewController.swift; sourceTree = "<group>"; };
		465114F92B641C450047F357 /* SettingsCollectionViewCell.swift */ = {isa = PBXFileReference; lastKnownFileType = sourcecode.swift; path = SettingsCollectionViewCell.swift; sourceTree = "<group>"; };
		465114FA2B641C450047F357 /* SettingsCollectionViewCell.xib */ = {isa = PBXFileReference; lastKnownFileType = file.xib; path = SettingsCollectionViewCell.xib; sourceTree = "<group>"; };
		465115002B641E1D0047F357 /* SettingsScreenModel.swift */ = {isa = PBXFileReference; lastKnownFileType = sourcecode.swift; path = SettingsScreenModel.swift; sourceTree = "<group>"; };
		465EC5192B6944DB00451537 /* MusicScreenViewController.swift */ = {isa = PBXFileReference; lastKnownFileType = sourcecode.swift; path = MusicScreenViewController.swift; sourceTree = "<group>"; };
		465EC51B2B6947DA00451537 /* MusicSettingsCollectionViewCell.swift */ = {isa = PBXFileReference; lastKnownFileType = sourcecode.swift; path = MusicSettingsCollectionViewCell.swift; sourceTree = "<group>"; };
		465EC51C2B6947DA00451537 /* MusicSettingsCollectionViewCell.xib */ = {isa = PBXFileReference; lastKnownFileType = file.xib; path = MusicSettingsCollectionViewCell.xib; sourceTree = "<group>"; };
		465EC51F2B69547100451537 /* MusicScreenModel.swift */ = {isa = PBXFileReference; lastKnownFileType = sourcecode.swift; path = MusicScreenModel.swift; sourceTree = "<group>"; };
		465EC5242B6A9D0400451537 /* UserDefaultStorage.swift */ = {isa = PBXFileReference; lastKnownFileType = sourcecode.swift; path = UserDefaultStorage.swift; sourceTree = "<group>"; };
		465EC5262B6A9D1A00451537 /* ApplicationSettings.swift */ = {isa = PBXFileReference; lastKnownFileType = sourcecode.swift; path = ApplicationSettings.swift; sourceTree = "<group>"; };
		465EC5282B6A9FAA00451537 /* ApplicationStorage.swift */ = {isa = PBXFileReference; lastKnownFileType = sourcecode.swift; path = ApplicationStorage.swift; sourceTree = "<group>"; };
		465EC52B2B6AA0DC00451537 /* Bundle+Extensions.swift */ = {isa = PBXFileReference; lastKnownFileType = sourcecode.swift; path = "Bundle+Extensions.swift"; sourceTree = "<group>"; };
		465EC52D2B6AA1D400451537 /* SettingsProvider.swift */ = {isa = PBXFileReference; lastKnownFileType = sourcecode.swift; path = SettingsProvider.swift; sourceTree = "<group>"; };
		4663B2EE2B89FBB8006067F1 /* LaunchScreenViewController.swift */ = {isa = PBXFileReference; lastKnownFileType = sourcecode.swift; path = LaunchScreenViewController.swift; sourceTree = "<group>"; };
		4663B2F12B8A059A006067F1 /* Animation1.json */ = {isa = PBXFileReference; fileEncoding = 4; lastKnownFileType = text.json; path = Animation1.json; sourceTree = "<group>"; };
		4663B2F22B8A059A006067F1 /* Animation3.json */ = {isa = PBXFileReference; fileEncoding = 4; lastKnownFileType = text.json; path = Animation3.json; sourceTree = "<group>"; };
		4663B2F32B8A059A006067F1 /* Animation2.json */ = {isa = PBXFileReference; fileEncoding = 4; lastKnownFileType = text.json; path = Animation2.json; sourceTree = "<group>"; };
		4666BE472B62D74B00D40241 /* CornerView.swift */ = {isa = PBXFileReference; lastKnownFileType = sourcecode.swift; path = CornerView.swift; sourceTree = "<group>"; };
		4669DFBA2B87C66300227907 /* AIManager.swift */ = {isa = PBXFileReference; lastKnownFileType = sourcecode.swift; path = AIManager.swift; sourceTree = "<group>"; };
		4669DFBE2B87C85100227907 /* NotLocalizable.strings */ = {isa = PBXFileReference; lastKnownFileType = text.plist.strings; path = NotLocalizable.strings; sourceTree = "<group>"; };
		466CCE702B73D46A00551745 /* CoreDataService.swift */ = {isa = PBXFileReference; lastKnownFileType = sourcecode.swift; path = CoreDataService.swift; sourceTree = "<group>"; };
		466CCE722B73D74200551745 /* CoreDataManager.swift */ = {isa = PBXFileReference; lastKnownFileType = sourcecode.swift; path = CoreDataManager.swift; sourceTree = "<group>"; };
		466CCE752B73DAF200551745 /* DataModel.xcdatamodel */ = {isa = PBXFileReference; lastKnownFileType = wrapper.xcdatamodel; path = DataModel.xcdatamodel; sourceTree = "<group>"; };
		466CCE7D2B73DDD400551745 /* MessageModel.swift */ = {isa = PBXFileReference; lastKnownFileType = sourcecode.swift; path = MessageModel.swift; sourceTree = "<group>"; };
		466CCE802B73DEDF00551745 /* CoreDataChatMessage+CoreDataClass.swift */ = {isa = PBXFileReference; lastKnownFileType = sourcecode.swift; path = "CoreDataChatMessage+CoreDataClass.swift"; sourceTree = "<group>"; };
		466CCE812B73DEDF00551745 /* CoreDataChatMessage+CoreDataProperties.swift */ = {isa = PBXFileReference; lastKnownFileType = sourcecode.swift; path = "CoreDataChatMessage+CoreDataProperties.swift"; sourceTree = "<group>"; };
		467014A92B7F7BBC00C09328 /* ChatScreenView.swift */ = {isa = PBXFileReference; lastKnownFileType = sourcecode.swift; path = ChatScreenView.swift; sourceTree = "<group>"; };
		4687F2DA2B80F2EC00DEF663 /* RoleScreenViewController.swift */ = {isa = PBXFileReference; lastKnownFileType = sourcecode.swift; path = RoleScreenViewController.swift; sourceTree = "<group>"; };
		4687F2DD2B80F3EF00DEF663 /* RoleScreenTableViewCell.swift */ = {isa = PBXFileReference; lastKnownFileType = sourcecode.swift; path = RoleScreenTableViewCell.swift; sourceTree = "<group>"; };
		4687F2DE2B80F3EF00DEF663 /* RoleScreenTableViewCell.xib */ = {isa = PBXFileReference; lastKnownFileType = file.xib; path = RoleScreenTableViewCell.xib; sourceTree = "<group>"; };
		4687F2E32B80F86300DEF663 /* ChatRole.swift */ = {isa = PBXFileReference; lastKnownFileType = sourcecode.swift; path = ChatRole.swift; sourceTree = "<group>"; };
		46BFE29C2B8509F900FDA585 /* AIClient.swift */ = {isa = PBXFileReference; lastKnownFileType = sourcecode.swift; path = AIClient.swift; sourceTree = "<group>"; };
		46BFE29E2B850AD400FDA585 /* AIClientModel.swift */ = {isa = PBXFileReference; lastKnownFileType = sourcecode.swift; path = AIClientModel.swift; sourceTree = "<group>"; };
		46BFE2A02B850B5500FDA585 /* AIClientModelType.swift */ = {isa = PBXFileReference; lastKnownFileType = sourcecode.swift; path = AIClientModelType.swift; sourceTree = "<group>"; };
		46BFE2A22B850C1600FDA585 /* AIClientEndpoint.swift */ = {isa = PBXFileReference; lastKnownFileType = sourcecode.swift; path = AIClientEndpoint.swift; sourceTree = "<group>"; };
		46BFE2A42B850CD100FDA585 /* AIClientCommand.swift */ = {isa = PBXFileReference; lastKnownFileType = sourcecode.swift; path = AIClientCommand.swift; sourceTree = "<group>"; };
		46BFE2A62B850EF800FDA585 /* ApplicationConstants.swift */ = {isa = PBXFileReference; lastKnownFileType = sourcecode.swift; path = ApplicationConstants.swift; sourceTree = "<group>"; };
		46D1B35D2B78C7FF00BF323E /* music2.mp3 */ = {isa = PBXFileReference; lastKnownFileType = audio.mp3; path = music2.mp3; sourceTree = "<group>"; };
		46D1B35E2B78C7FF00BF323E /* music1.mp3 */ = {isa = PBXFileReference; lastKnownFileType = audio.mp3; path = music1.mp3; sourceTree = "<group>"; };
		46D1B35F2B78C80000BF323E /* music3.mp3 */ = {isa = PBXFileReference; lastKnownFileType = audio.mp3; path = music3.mp3; sourceTree = "<group>"; };
		46D1B3602B78C80000BF323E /* music4.mp3 */ = {isa = PBXFileReference; lastKnownFileType = audio.mp3; path = music4.mp3; sourceTree = "<group>"; };
		46D1B3612B78C80000BF323E /* music6.mp3 */ = {isa = PBXFileReference; lastKnownFileType = audio.mp3; path = music6.mp3; sourceTree = "<group>"; };
		46D1B3622B78C80000BF323E /* music5.mp3 */ = {isa = PBXFileReference; lastKnownFileType = audio.mp3; path = music5.mp3; sourceTree = "<group>"; };
		46D1B3632B78C80000BF323E /* music7.mp3 */ = {isa = PBXFileReference; lastKnownFileType = audio.mp3; path = music7.mp3; sourceTree = "<group>"; };
		46D1B36C2B78C82800BF323E /* MusicPlayer.swift */ = {isa = PBXFileReference; lastKnownFileType = sourcecode.swift; path = MusicPlayer.swift; sourceTree = "<group>"; };
		46D1B36E2B78C8F300BF323E /* MusicPlayerManager.swift */ = {isa = PBXFileReference; lastKnownFileType = sourcecode.swift; path = MusicPlayerManager.swift; sourceTree = "<group>"; };
		46E8FA232B71473200BCA83E /* en */ = {isa = PBXFileReference; lastKnownFileType = text.plist.strings; name = en; path = en.lproj/Localizable.strings; sourceTree = "<group>"; };
		46E8FA252B71474400BCA83E /* ru */ = {isa = PBXFileReference; lastKnownFileType = text.plist.strings; name = ru; path = ru.lproj/Localizable.strings; sourceTree = "<group>"; };
		46EAE11E2B7F869300082E39 /* Notification+Extensions.swift */ = {isa = PBXFileReference; lastKnownFileType = sourcecode.swift; path = "Notification+Extensions.swift"; sourceTree = "<group>"; };
		46EAE1202B7F86E400082E39 /* UIView.AnimationOptions+Extensions.swift */ = {isa = PBXFileReference; lastKnownFileType = sourcecode.swift; path = "UIView.AnimationOptions+Extensions.swift"; sourceTree = "<group>"; };
		BA909A4C53EC84651296C718 /* Pods_DialogDroid.framework */ = {isa = PBXFileReference; explicitFileType = wrapper.framework; includeInIndex = 0; path = Pods_DialogDroid.framework; sourceTree = BUILT_PRODUCTS_DIR; };
/* End PBXFileReference section */

/* Begin PBXFrameworksBuildPhase section */
		462B74C42B62C4B400319B06 /* Frameworks */ = {
			isa = PBXFrameworksBuildPhase;
			buildActionMask = 2147483647;
			files = (
				AB8ECD8F206C99F039CBE635 /* Pods_DialogDroid.framework in Frameworks */,
			);
			runOnlyForDeploymentPostprocessing = 0;
		};
/* End PBXFrameworksBuildPhase section */

/* Begin PBXGroup section */
		4611C0872B7BC1BD00F56C22 /* Controller */ = {
			isa = PBXGroup;
			children = (
				4611C0882B7BC1D200F56C22 /* ChatScreenViewController.swift */,
			);
			path = Controller;
			sourceTree = "<group>";
		};
		4611C08A2B7BC40A00F56C22 /* View */ = {
			isa = PBXGroup;
			children = (
				4611C08B2B7BC42000F56C22 /* ChatScreenTableViewCell.swift */,
				467014A92B7F7BBC00C09328 /* ChatScreenView.swift */,
			);
			path = View;
			sourceTree = "<group>";
		};
		462B74BE2B62C4B400319B06 = {
			isa = PBXGroup;
			children = (
				462B74C92B62C4B400319B06 /* DialogDroid */,
				462B74C82B62C4B400319B06 /* Products */,
				8F960CC4BF9591F8DB7D5206 /* Pods */,
				D63EC8B3B33035507F77A357 /* Frameworks */,
			);
			sourceTree = "<group>";
		};
		462B74C82B62C4B400319B06 /* Products */ = {
			isa = PBXGroup;
			children = (
				462B74C72B62C4B400319B06 /* DialogDroid.app */,
			);
			name = Products;
			sourceTree = "<group>";
		};
		462B74C92B62C4B400319B06 /* DialogDroid */ = {
			isa = PBXGroup;
			children = (
				465EC52A2B6AA0CA00451537 /* Extensions */,
				465EC5212B6A9CC500451537 /* Services */,
				462B74E72B62C76600319B06 /* Presentation */,
				462B74DE2B62C4DD00319B06 /* Sources */,
				462B74E52B62C72B00319B06 /* Application */,
			);
			path = DialogDroid;
			sourceTree = "<group>";
		};
		462B74DE2B62C4DD00319B06 /* Sources */ = {
			isa = PBXGroup;
			children = (
				462B74E62B62C74800319B06 /* SupportingFiles */,
				462B74E02B62C4F000319B06 /* Generated */,
				462B74DF2B62C4E800319B06 /* Resources */,
			);
			path = Sources;
			sourceTree = "<group>";
		};
		462B74DF2B62C4E800319B06 /* Resources */ = {
			isa = PBXGroup;
			children = (
				4663B2F02B8A0590006067F1 /* Animations */,
				46D1B35C2B78C7F300BF323E /* Music */,
				46E8FA1F2B71470700BCA83E /* Localizable */,
				462B74D32B62C4B500319B06 /* Assets.xcassets */,
				4669DFBE2B87C85100227907 /* NotLocalizable.strings */,
			);
			path = Resources;
			sourceTree = "<group>";
		};
		462B74E02B62C4F000319B06 /* Generated */ = {
			isa = PBXGroup;
			children = (
				462B74E22B62C5FA00319B06 /* R.generated.swift */,
			);
			path = Generated;
			sourceTree = "<group>";
		};
		462B74E52B62C72B00319B06 /* Application */ = {
			isa = PBXGroup;
			children = (
				462B74CA2B62C4B400319B06 /* AppDelegate.swift */,
				462B74CC2B62C4B400319B06 /* SceneDelegate.swift */,
			);
			path = Application;
			sourceTree = "<group>";
		};
		462B74E62B62C74800319B06 /* SupportingFiles */ = {
			isa = PBXGroup;
			children = (
				462B74D82B62C4B500319B06 /* Info.plist */,
				46BFE2A62B850EF800FDA585 /* ApplicationConstants.swift */,
			);
			path = SupportingFiles;
			sourceTree = "<group>";
		};
		462B74E72B62C76600319B06 /* Presentation */ = {
			isa = PBXGroup;
			children = (
				4687F2D92B80F2D900DEF663 /* RoleScreen */,
				466CCE7B2B73DDB600551745 /* ChatScreen */,
				465EC5152B6944AF00451537 /* MusicSettingsScreen */,
				465114F52B641BB10047F357 /* SettingsScreen */,
				4666BE452B62D72E00D40241 /* CustomElements */,
				462B74EA2B62C78000319B06 /* MainScreen */,
				462B74E92B62C77500319B06 /* Storyboard */,
				462B74E82B62C76D00319B06 /* LaunchScreen */,
			);
			path = Presentation;
			sourceTree = "<group>";
		};
		462B74E82B62C76D00319B06 /* LaunchScreen */ = {
			isa = PBXGroup;
			children = (
				462B74D52B62C4B500319B06 /* LaunchScreen.storyboard */,
				4663B2EE2B89FBB8006067F1 /* LaunchScreenViewController.swift */,
			);
			path = LaunchScreen;
			sourceTree = "<group>";
		};
		462B74E92B62C77500319B06 /* Storyboard */ = {
			isa = PBXGroup;
			children = (
				462B74D02B62C4B400319B06 /* Main.storyboard */,
			);
			path = Storyboard;
			sourceTree = "<group>";
		};
		462B74EA2B62C78000319B06 /* MainScreen */ = {
			isa = PBXGroup;
			children = (
				462B74CE2B62C4B400319B06 /* MainScreenViewController.swift */,
			);
			path = MainScreen;
			sourceTree = "<group>";
		};
		465114F52B641BB10047F357 /* SettingsScreen */ = {
			isa = PBXGroup;
			children = (
				465114FF2B641DF30047F357 /* Controller */,
				465114FE2B641DEF0047F357 /* View */,
				465114FD2B641DEA0047F357 /* Model */,
			);
			path = SettingsScreen;
			sourceTree = "<group>";
		};
		465114F82B641C2F0047F357 /* Cell */ = {
			isa = PBXGroup;
			children = (
				465114F92B641C450047F357 /* SettingsCollectionViewCell.swift */,
				465114FA2B641C450047F357 /* SettingsCollectionViewCell.xib */,
			);
			path = Cell;
			sourceTree = "<group>";
		};
		465114FD2B641DEA0047F357 /* Model */ = {
			isa = PBXGroup;
			children = (
				465115002B641E1D0047F357 /* SettingsScreenModel.swift */,
			);
			path = Model;
			sourceTree = "<group>";
		};
		465114FE2B641DEF0047F357 /* View */ = {
			isa = PBXGroup;
			children = (
				465114F82B641C2F0047F357 /* Cell */,
			);
			path = View;
			sourceTree = "<group>";
		};
		465114FF2B641DF30047F357 /* Controller */ = {
			isa = PBXGroup;
			children = (
				465114F62B641BC50047F357 /* SettingsScreenViewController.swift */,
			);
			path = Controller;
			sourceTree = "<group>";
		};
		465EC5152B6944AF00451537 /* MusicSettingsScreen */ = {
			isa = PBXGroup;
			children = (
				465EC5182B6944C900451537 /* Model */,
				465EC5172B6944C300451537 /* View */,
				465EC5162B6944BE00451537 /* Controller */,
			);
			path = MusicSettingsScreen;
			sourceTree = "<group>";
		};
		465EC5162B6944BE00451537 /* Controller */ = {
			isa = PBXGroup;
			children = (
				465EC5192B6944DB00451537 /* MusicScreenViewController.swift */,
			);
			path = Controller;
			sourceTree = "<group>";
		};
		465EC5172B6944C300451537 /* View */ = {
			isa = PBXGroup;
			children = (
				465EC51B2B6947DA00451537 /* MusicSettingsCollectionViewCell.swift */,
				465EC51C2B6947DA00451537 /* MusicSettingsCollectionViewCell.xib */,
			);
			path = View;
			sourceTree = "<group>";
		};
		465EC5182B6944C900451537 /* Model */ = {
			isa = PBXGroup;
			children = (
				465EC51F2B69547100451537 /* MusicScreenModel.swift */,
			);
			path = Model;
			sourceTree = "<group>";
		};
		465EC5212B6A9CC500451537 /* Services */ = {
			isa = PBXGroup;
			children = (
				46BFE29A2B8509D800FDA585 /* Network */,
				46D1B36B2B78C80F00BF323E /* MusicServices */,
				465EC5232B6A9CDD00451537 /* Persistency */,
				465EC5222B6A9CD300451537 /* ServiceProvider */,
			);
			path = Services;
			sourceTree = "<group>";
		};
		465EC5222B6A9CD300451537 /* ServiceProvider */ = {
			isa = PBXGroup;
			children = (
				465EC52D2B6AA1D400451537 /* SettingsProvider.swift */,
			);
			path = ServiceProvider;
			sourceTree = "<group>";
		};
		465EC5232B6A9CDD00451537 /* Persistency */ = {
			isa = PBXGroup;
			children = (
				466CCE6C2B73D42A00551745 /* CoreData */,
				465EC5242B6A9D0400451537 /* UserDefaultStorage.swift */,
				465EC5262B6A9D1A00451537 /* ApplicationSettings.swift */,
				465EC5282B6A9FAA00451537 /* ApplicationStorage.swift */,
			);
			path = Persistency;
			sourceTree = "<group>";
		};
		465EC52A2B6AA0CA00451537 /* Extensions */ = {
			isa = PBXGroup;
			children = (
				465EC52B2B6AA0DC00451537 /* Bundle+Extensions.swift */,
				46EAE11E2B7F869300082E39 /* Notification+Extensions.swift */,
				46EAE1202B7F86E400082E39 /* UIView.AnimationOptions+Extensions.swift */,
			);
			path = Extensions;
			sourceTree = "<group>";
		};
		4663B2F02B8A0590006067F1 /* Animations */ = {
			isa = PBXGroup;
			children = (
				4663B2F12B8A059A006067F1 /* Animation1.json */,
				4663B2F32B8A059A006067F1 /* Animation2.json */,
				4663B2F22B8A059A006067F1 /* Animation3.json */,
			);
			path = Animations;
			sourceTree = "<group>";
		};
		4666BE452B62D72E00D40241 /* CustomElements */ = {
			isa = PBXGroup;
			children = (
				4666BE462B62D73C00D40241 /* Views */,
			);
			path = CustomElements;
			sourceTree = "<group>";
		};
		4666BE462B62D73C00D40241 /* Views */ = {
			isa = PBXGroup;
			children = (
				4666BE472B62D74B00D40241 /* CornerView.swift */,
			);
			path = Views;
			sourceTree = "<group>";
		};
		466CCE6C2B73D42A00551745 /* CoreData */ = {
			isa = PBXGroup;
			children = (
				466CCE7F2B73DEC600551745 /* Model */,
				466CCE702B73D46A00551745 /* CoreDataService.swift */,
				466CCE722B73D74200551745 /* CoreDataManager.swift */,
				466CCE742B73DAF200551745 /* DataModel.xcdatamodeld */,
			);
			path = CoreData;
			sourceTree = "<group>";
		};
		466CCE7B2B73DDB600551745 /* ChatScreen */ = {
			isa = PBXGroup;
			children = (
				4611C08A2B7BC40A00F56C22 /* View */,
				4611C0872B7BC1BD00F56C22 /* Controller */,
				466CCE7C2B73DDC000551745 /* Model */,
			);
			path = ChatScreen;
			sourceTree = "<group>";
		};
		466CCE7C2B73DDC000551745 /* Model */ = {
			isa = PBXGroup;
			children = (
				466CCE7D2B73DDD400551745 /* MessageModel.swift */,
			);
			path = Model;
			sourceTree = "<group>";
		};
		466CCE7F2B73DEC600551745 /* Model */ = {
			isa = PBXGroup;
			children = (
				466CCE802B73DEDF00551745 /* CoreDataChatMessage+CoreDataClass.swift */,
				466CCE812B73DEDF00551745 /* CoreDataChatMessage+CoreDataProperties.swift */,
			);
			path = Model;
			sourceTree = "<group>";
		};
		4687F2D92B80F2D900DEF663 /* RoleScreen */ = {
			isa = PBXGroup;
			children = (
				4687F2E22B80F85400DEF663 /* Model */,
				4687F2E12B80F84900DEF663 /* Controller */,
				4687F2DC2B80F3D800DEF663 /* View */,
			);
			path = RoleScreen;
			sourceTree = "<group>";
		};
		4687F2DC2B80F3D800DEF663 /* View */ = {
			isa = PBXGroup;
			children = (
				4687F2DD2B80F3EF00DEF663 /* RoleScreenTableViewCell.swift */,
				4687F2DE2B80F3EF00DEF663 /* RoleScreenTableViewCell.xib */,
			);
			path = View;
			sourceTree = "<group>";
		};
		4687F2E12B80F84900DEF663 /* Controller */ = {
			isa = PBXGroup;
			children = (
				4687F2DA2B80F2EC00DEF663 /* RoleScreenViewController.swift */,
			);
			path = Controller;
			sourceTree = "<group>";
		};
		4687F2E22B80F85400DEF663 /* Model */ = {
			isa = PBXGroup;
			children = (
				4687F2E32B80F86300DEF663 /* ChatRole.swift */,
			);
			path = Model;
			sourceTree = "<group>";
		};
		46BFE29A2B8509D800FDA585 /* Network */ = {
			isa = PBXGroup;
			children = (
				46BFE29B2B8509E100FDA585 /* AIClient */,
				4669DFBA2B87C66300227907 /* AIManager.swift */,
			);
			path = Network;
			sourceTree = "<group>";
		};
		46BFE29B2B8509E100FDA585 /* AIClient */ = {
			isa = PBXGroup;
			children = (
				46BFE29C2B8509F900FDA585 /* AIClient.swift */,
				46BFE2A22B850C1600FDA585 /* AIClientEndpoint.swift */,
				46BFE2A42B850CD100FDA585 /* AIClientCommand.swift */,
				46BFE29E2B850AD400FDA585 /* AIClientModel.swift */,
				46BFE2A02B850B5500FDA585 /* AIClientModelType.swift */,
			);
			path = AIClient;
			sourceTree = "<group>";
		};
		46D1B35C2B78C7F300BF323E /* Music */ = {
			isa = PBXGroup;
			children = (
				46D1B35E2B78C7FF00BF323E /* music1.mp3 */,
				46D1B35D2B78C7FF00BF323E /* music2.mp3 */,
				46D1B35F2B78C80000BF323E /* music3.mp3 */,
				46D1B3602B78C80000BF323E /* music4.mp3 */,
				46D1B3622B78C80000BF323E /* music5.mp3 */,
				46D1B3612B78C80000BF323E /* music6.mp3 */,
				46D1B3632B78C80000BF323E /* music7.mp3 */,
			);
			path = Music;
			sourceTree = "<group>";
		};
		46D1B36B2B78C80F00BF323E /* MusicServices */ = {
			isa = PBXGroup;
			children = (
				46D1B36C2B78C82800BF323E /* MusicPlayer.swift */,
				46D1B36E2B78C8F300BF323E /* MusicPlayerManager.swift */,
			);
			path = MusicServices;
			sourceTree = "<group>";
		};
		46E8FA1F2B71470700BCA83E /* Localizable */ = {
			isa = PBXGroup;
			children = (
				46E8FA242B71473200BCA83E /* Localizable.strings */,
			);
			path = Localizable;
			sourceTree = "<group>";
		};
		8F960CC4BF9591F8DB7D5206 /* Pods */ = {
			isa = PBXGroup;
			children = (
				11AB45728D7E4E0040FDDBCD /* Pods-DialogDroid.debug.xcconfig */,
				01F7D319AE533D1FD6324B3C /* Pods-DialogDroid.release.xcconfig */,
			);
			path = Pods;
			sourceTree = "<group>";
		};
		D63EC8B3B33035507F77A357 /* Frameworks */ = {
			isa = PBXGroup;
			children = (
				BA909A4C53EC84651296C718 /* Pods_DialogDroid.framework */,
			);
			name = Frameworks;
			sourceTree = "<group>";
		};
/* End PBXGroup section */

/* Begin PBXNativeTarget section */
		462B74C62B62C4B400319B06 /* DialogDroid */ = {
			isa = PBXNativeTarget;
			buildConfigurationList = 462B74DB2B62C4B500319B06 /* Build configuration list for PBXNativeTarget "DialogDroid" */;
			buildPhases = (
				5B8952117620659435FD67A7 /* [CP] Check Pods Manifest.lock */,
				462B74E42B62C63500319B06 /* Linter */,
				462B74E12B62C54E00319B06 /* R.swift */,
				462B74C32B62C4B400319B06 /* Sources */,
				462B74C42B62C4B400319B06 /* Frameworks */,
				462B74C52B62C4B400319B06 /* Resources */,
				B12F66A31FF0C1132AA67229 /* [CP] Embed Pods Frameworks */,
			);
			buildRules = (
			);
			dependencies = (
			);
			name = DialogDroid;
			productName = DialogDroid;
			productReference = 462B74C72B62C4B400319B06 /* DialogDroid.app */;
			productType = "com.apple.product-type.application";
		};
/* End PBXNativeTarget section */

/* Begin PBXProject section */
		462B74BF2B62C4B400319B06 /* Project object */ = {
			isa = PBXProject;
			attributes = {
				BuildIndependentTargetsInParallel = 1;
				LastSwiftUpdateCheck = 1510;
				LastUpgradeCheck = 1510;
				TargetAttributes = {
					462B74C62B62C4B400319B06 = {
						CreatedOnToolsVersion = 15.1;
					};
				};
			};
			buildConfigurationList = 462B74C22B62C4B400319B06 /* Build configuration list for PBXProject "DialogDroid" */;
			compatibilityVersion = "Xcode 14.0";
			developmentRegion = en;
			hasScannedForEncodings = 0;
			knownRegions = (
				en,
				Base,
				ru,
			);
			mainGroup = 462B74BE2B62C4B400319B06;
			productRefGroup = 462B74C82B62C4B400319B06 /* Products */;
			projectDirPath = "";
			projectRoot = "";
			targets = (
				462B74C62B62C4B400319B06 /* DialogDroid */,
			);
		};
/* End PBXProject section */

/* Begin PBXResourcesBuildPhase section */
		462B74C52B62C4B400319B06 /* Resources */ = {
			isa = PBXResourcesBuildPhase;
			buildActionMask = 2147483647;
			files = (
				46D1B3642B78C80000BF323E /* music2.mp3 in Resources */,
				4687F2E02B80F3EF00DEF663 /* RoleScreenTableViewCell.xib in Resources */,
				462B74D72B62C4B500319B06 /* LaunchScreen.storyboard in Resources */,
				46D1B3662B78C80000BF323E /* music3.mp3 in Resources */,
				46D1B3672B78C80000BF323E /* music4.mp3 in Resources */,
				4663B2F52B8A059A006067F1 /* Animation3.json in Resources */,
				46D1B3652B78C80000BF323E /* music1.mp3 in Resources */,
				4663B2F62B8A059A006067F1 /* Animation2.json in Resources */,
				46E8FA222B71473200BCA83E /* Localizable.strings in Resources */,
				46D1B3692B78C80000BF323E /* music5.mp3 in Resources */,
				4663B2F42B8A059A006067F1 /* Animation1.json in Resources */,
				462B74D42B62C4B500319B06 /* Assets.xcassets in Resources */,
				462B74D22B62C4B400319B06 /* Main.storyboard in Resources */,
				465114FC2B641C450047F357 /* SettingsCollectionViewCell.xib in Resources */,
				46D1B3682B78C80000BF323E /* music6.mp3 in Resources */,
				465EC51E2B6947DA00451537 /* MusicSettingsCollectionViewCell.xib in Resources */,
				4669DFBF2B87C85100227907 /* NotLocalizable.strings in Resources */,
				46D1B36A2B78C80000BF323E /* music7.mp3 in Resources */,
			);
			runOnlyForDeploymentPostprocessing = 0;
		};
/* End PBXResourcesBuildPhase section */

/* Begin PBXShellScriptBuildPhase section */
		462B74E12B62C54E00319B06 /* R.swift */ = {
			isa = PBXShellScriptBuildPhase;
			alwaysOutOfDate = 1;
			buildActionMask = 2147483647;
			files = (
			);
			inputFileListPaths = (
			);
			inputPaths = (
			);
			name = R.swift;
			outputFileListPaths = (
			);
			outputPaths = (
				$SRCROOT/DialogDroid/Sources/Generated/R.generated.swift,
			);
			runOnlyForDeploymentPostprocessing = 0;
			shellPath = /bin/sh;
			shellScript = "\"$PODS_ROOT/R.swift/rswift\" generate \"$SRCROOT/DialogDroid/Sources/Generated/R.generated.swift\"\n";
		};
		462B74E42B62C63500319B06 /* Linter */ = {
			isa = PBXShellScriptBuildPhase;
			alwaysOutOfDate = 1;
			buildActionMask = 2147483647;
			files = (
			);
			inputFileListPaths = (
			);
			inputPaths = (
			);
			name = Linter;
			outputFileListPaths = (
			);
			outputPaths = (
			);
			runOnlyForDeploymentPostprocessing = 0;
			shellPath = /bin/sh;
			shellScript = "\"${PODS_ROOT}/SwiftLint/swiftlint\"\n";
		};
		5B8952117620659435FD67A7 /* [CP] Check Pods Manifest.lock */ = {
			isa = PBXShellScriptBuildPhase;
			buildActionMask = 2147483647;
			files = (
			);
			inputFileListPaths = (
			);
			inputPaths = (
				"${PODS_PODFILE_DIR_PATH}/Podfile.lock",
				"${PODS_ROOT}/Manifest.lock",
			);
			name = "[CP] Check Pods Manifest.lock";
			outputFileListPaths = (
			);
			outputPaths = (
				"$(DERIVED_FILE_DIR)/Pods-DialogDroid-checkManifestLockResult.txt",
			);
			runOnlyForDeploymentPostprocessing = 0;
			shellPath = /bin/sh;
			shellScript = "diff \"${PODS_PODFILE_DIR_PATH}/Podfile.lock\" \"${PODS_ROOT}/Manifest.lock\" > /dev/null\nif [ $? != 0 ] ; then\n    # print error to STDERR\n    echo \"error: The sandbox is not in sync with the Podfile.lock. Run 'pod install' or update your CocoaPods installation.\" >&2\n    exit 1\nfi\n# This output is used by Xcode 'outputs' to avoid re-running this script phase.\necho \"SUCCESS\" > \"${SCRIPT_OUTPUT_FILE_0}\"\n";
			showEnvVarsInLog = 0;
		};
		B12F66A31FF0C1132AA67229 /* [CP] Embed Pods Frameworks */ = {
			isa = PBXShellScriptBuildPhase;
			buildActionMask = 2147483647;
			files = (
			);
			inputFileListPaths = (
				"${PODS_ROOT}/Target Support Files/Pods-DialogDroid/Pods-DialogDroid-frameworks-${CONFIGURATION}-input-files.xcfilelist",
			);
			name = "[CP] Embed Pods Frameworks";
			outputFileListPaths = (
				"${PODS_ROOT}/Target Support Files/Pods-DialogDroid/Pods-DialogDroid-frameworks-${CONFIGURATION}-output-files.xcfilelist",
			);
			runOnlyForDeploymentPostprocessing = 0;
			shellPath = /bin/sh;
			shellScript = "\"${PODS_ROOT}/Target Support Files/Pods-DialogDroid/Pods-DialogDroid-frameworks.sh\"\n";
			showEnvVarsInLog = 0;
		};
/* End PBXShellScriptBuildPhase section */

/* Begin PBXSourcesBuildPhase section */
		462B74C32B62C4B400319B06 /* Sources */ = {
			isa = PBXSourcesBuildPhase;
			buildActionMask = 2147483647;
			files = (
				46BFE2A12B850B5500FDA585 /* AIClientModelType.swift in Sources */,
				466CCE712B73D46A00551745 /* CoreDataService.swift in Sources */,
				465EC5272B6A9D1A00451537 /* ApplicationSettings.swift in Sources */,
				466CCE832B73DEDF00551745 /* CoreDataChatMessage+CoreDataProperties.swift in Sources */,
				465EC5252B6A9D0400451537 /* UserDefaultStorage.swift in Sources */,
				46D1B36F2B78C8F300BF323E /* MusicPlayerManager.swift in Sources */,
				4666BE482B62D74B00D40241 /* CornerView.swift in Sources */,
				46D1B36D2B78C82800BF323E /* MusicPlayer.swift in Sources */,
				462B74CF2B62C4B400319B06 /* MainScreenViewController.swift in Sources */,
				462B74CB2B62C4B400319B06 /* AppDelegate.swift in Sources */,
				466CCE732B73D74300551745 /* CoreDataManager.swift in Sources */,
				46EAE11F2B7F869300082E39 /* Notification+Extensions.swift in Sources */,
				462B74CD2B62C4B400319B06 /* SceneDelegate.swift in Sources */,
				465EC52C2B6AA0DC00451537 /* Bundle+Extensions.swift in Sources */,
				466CCE822B73DEDF00551745 /* CoreDataChatMessage+CoreDataClass.swift in Sources */,
				465EC5202B69547100451537 /* MusicScreenModel.swift in Sources */,
				465114FB2B641C450047F357 /* SettingsCollectionViewCell.swift in Sources */,
				4611C0892B7BC1D200F56C22 /* ChatScreenViewController.swift in Sources */,
				4663B2EF2B89FBB8006067F1 /* LaunchScreenViewController.swift in Sources */,
				465EC5292B6A9FAA00451537 /* ApplicationStorage.swift in Sources */,
				46BFE2A32B850C1600FDA585 /* AIClientEndpoint.swift in Sources */,
				46BFE2A52B850CD100FDA585 /* AIClientCommand.swift in Sources */,
				465EC51D2B6947DA00451537 /* MusicSettingsCollectionViewCell.swift in Sources */,
				4687F2DF2B80F3EF00DEF663 /* RoleScreenTableViewCell.swift in Sources */,
				46BFE29F2B850AD400FDA585 /* AIClientModel.swift in Sources */,
				46EAE1212B7F86E400082E39 /* UIView.AnimationOptions+Extensions.swift in Sources */,
				462B74E32B62C5FA00319B06 /* R.generated.swift in Sources */,
				466CCE762B73DAF200551745 /* DataModel.xcdatamodeld in Sources */,
				465115012B641E1D0047F357 /* SettingsScreenModel.swift in Sources */,
				4611C08C2B7BC42000F56C22 /* ChatScreenTableViewCell.swift in Sources */,
				465EC52E2B6AA1D400451537 /* SettingsProvider.swift in Sources */,
				466CCE7E2B73DDD400551745 /* MessageModel.swift in Sources */,
				4687F2E42B80F86300DEF663 /* ChatRole.swift in Sources */,
				467014AA2B7F7BBC00C09328 /* ChatScreenView.swift in Sources */,
				4669DFBB2B87C66300227907 /* AIManager.swift in Sources */,
				465EC51A2B6944DB00451537 /* MusicScreenViewController.swift in Sources */,
				46BFE29D2B8509F900FDA585 /* AIClient.swift in Sources */,
				4687F2DB2B80F2EC00DEF663 /* RoleScreenViewController.swift in Sources */,
				46BFE2A72B850EF800FDA585 /* ApplicationConstants.swift in Sources */,
				465114F72B641BC50047F357 /* SettingsScreenViewController.swift in Sources */,
			);
			runOnlyForDeploymentPostprocessing = 0;
		};
/* End PBXSourcesBuildPhase section */

/* Begin PBXVariantGroup section */
		462B74D02B62C4B400319B06 /* Main.storyboard */ = {
			isa = PBXVariantGroup;
			children = (
				462B74D12B62C4B400319B06 /* Base */,
			);
			name = Main.storyboard;
			sourceTree = "<group>";
		};
		462B74D52B62C4B500319B06 /* LaunchScreen.storyboard */ = {
			isa = PBXVariantGroup;
			children = (
				462B74D62B62C4B500319B06 /* Base */,
			);
			name = LaunchScreen.storyboard;
			sourceTree = "<group>";
		};
		46E8FA242B71473200BCA83E /* Localizable.strings */ = {
			isa = PBXVariantGroup;
			children = (
				46E8FA232B71473200BCA83E /* en */,
				46E8FA252B71474400BCA83E /* ru */,
			);
			name = Localizable.strings;
			sourceTree = "<group>";
		};
/* End PBXVariantGroup section */

/* Begin XCBuildConfiguration section */
		462B74D92B62C4B500319B06 /* Debug */ = {
			isa = XCBuildConfiguration;
			buildSettings = {
				ALWAYS_SEARCH_USER_PATHS = NO;
				ASSETCATALOG_COMPILER_GENERATE_SWIFT_ASSET_SYMBOL_EXTENSIONS = YES;
				CLANG_ANALYZER_LOCALIZABILITY_NONLOCALIZED = YES;
				CLANG_ANALYZER_NONNULL = YES;
				CLANG_ANALYZER_NUMBER_OBJECT_CONVERSION = YES_AGGRESSIVE;
				CLANG_CXX_LANGUAGE_STANDARD = "gnu++20";
				CLANG_ENABLE_MODULES = YES;
				CLANG_ENABLE_OBJC_ARC = YES;
				CLANG_ENABLE_OBJC_WEAK = YES;
				CLANG_WARN_BLOCK_CAPTURE_AUTORELEASING = YES;
				CLANG_WARN_BOOL_CONVERSION = YES;
				CLANG_WARN_COMMA = YES;
				CLANG_WARN_CONSTANT_CONVERSION = YES;
				CLANG_WARN_DEPRECATED_OBJC_IMPLEMENTATIONS = YES;
				CLANG_WARN_DIRECT_OBJC_ISA_USAGE = YES_ERROR;
				CLANG_WARN_DOCUMENTATION_COMMENTS = YES;
				CLANG_WARN_EMPTY_BODY = YES;
				CLANG_WARN_ENUM_CONVERSION = YES;
				CLANG_WARN_INFINITE_RECURSION = YES;
				CLANG_WARN_INT_CONVERSION = YES;
				CLANG_WARN_NON_LITERAL_NULL_CONVERSION = YES;
				CLANG_WARN_OBJC_IMPLICIT_RETAIN_SELF = YES;
				CLANG_WARN_OBJC_LITERAL_CONVERSION = YES;
				CLANG_WARN_OBJC_ROOT_CLASS = YES_ERROR;
				CLANG_WARN_QUOTED_INCLUDE_IN_FRAMEWORK_HEADER = YES;
				CLANG_WARN_RANGE_LOOP_ANALYSIS = YES;
				CLANG_WARN_STRICT_PROTOTYPES = YES;
				CLANG_WARN_SUSPICIOUS_MOVE = YES;
				CLANG_WARN_UNGUARDED_AVAILABILITY = YES_AGGRESSIVE;
				CLANG_WARN_UNREACHABLE_CODE = YES;
				CLANG_WARN__DUPLICATE_METHOD_MATCH = YES;
				COPY_PHASE_STRIP = NO;
				DEBUG_INFORMATION_FORMAT = dwarf;
				ENABLE_STRICT_OBJC_MSGSEND = YES;
				ENABLE_TESTABILITY = YES;
				ENABLE_USER_SCRIPT_SANDBOXING = NO;
				GCC_C_LANGUAGE_STANDARD = gnu17;
				GCC_DYNAMIC_NO_PIC = NO;
				GCC_NO_COMMON_BLOCKS = YES;
				GCC_OPTIMIZATION_LEVEL = 0;
				GCC_PREPROCESSOR_DEFINITIONS = (
					"DEBUG=1",
					"$(inherited)",
				);
				GCC_WARN_64_TO_32_BIT_CONVERSION = YES;
				GCC_WARN_ABOUT_RETURN_TYPE = YES_ERROR;
				GCC_WARN_UNDECLARED_SELECTOR = YES;
				GCC_WARN_UNINITIALIZED_AUTOS = YES_AGGRESSIVE;
				GCC_WARN_UNUSED_FUNCTION = YES;
				GCC_WARN_UNUSED_VARIABLE = YES;
				IPHONEOS_DEPLOYMENT_TARGET = 17.2;
				LOCALIZATION_PREFERS_STRING_CATALOGS = YES;
				MTL_ENABLE_DEBUG_INFO = INCLUDE_SOURCE;
				MTL_FAST_MATH = YES;
				ONLY_ACTIVE_ARCH = YES;
				SDKROOT = iphoneos;
				SWIFT_ACTIVE_COMPILATION_CONDITIONS = "DEBUG $(inherited)";
				SWIFT_OPTIMIZATION_LEVEL = "-Onone";
			};
			name = Debug;
		};
		462B74DA2B62C4B500319B06 /* Release */ = {
			isa = XCBuildConfiguration;
			buildSettings = {
				ALWAYS_SEARCH_USER_PATHS = NO;
				ASSETCATALOG_COMPILER_GENERATE_SWIFT_ASSET_SYMBOL_EXTENSIONS = YES;
				CLANG_ANALYZER_LOCALIZABILITY_NONLOCALIZED = YES;
				CLANG_ANALYZER_NONNULL = YES;
				CLANG_ANALYZER_NUMBER_OBJECT_CONVERSION = YES_AGGRESSIVE;
				CLANG_CXX_LANGUAGE_STANDARD = "gnu++20";
				CLANG_ENABLE_MODULES = YES;
				CLANG_ENABLE_OBJC_ARC = YES;
				CLANG_ENABLE_OBJC_WEAK = YES;
				CLANG_WARN_BLOCK_CAPTURE_AUTORELEASING = YES;
				CLANG_WARN_BOOL_CONVERSION = YES;
				CLANG_WARN_COMMA = YES;
				CLANG_WARN_CONSTANT_CONVERSION = YES;
				CLANG_WARN_DEPRECATED_OBJC_IMPLEMENTATIONS = YES;
				CLANG_WARN_DIRECT_OBJC_ISA_USAGE = YES_ERROR;
				CLANG_WARN_DOCUMENTATION_COMMENTS = YES;
				CLANG_WARN_EMPTY_BODY = YES;
				CLANG_WARN_ENUM_CONVERSION = YES;
				CLANG_WARN_INFINITE_RECURSION = YES;
				CLANG_WARN_INT_CONVERSION = YES;
				CLANG_WARN_NON_LITERAL_NULL_CONVERSION = YES;
				CLANG_WARN_OBJC_IMPLICIT_RETAIN_SELF = YES;
				CLANG_WARN_OBJC_LITERAL_CONVERSION = YES;
				CLANG_WARN_OBJC_ROOT_CLASS = YES_ERROR;
				CLANG_WARN_QUOTED_INCLUDE_IN_FRAMEWORK_HEADER = YES;
				CLANG_WARN_RANGE_LOOP_ANALYSIS = YES;
				CLANG_WARN_STRICT_PROTOTYPES = YES;
				CLANG_WARN_SUSPICIOUS_MOVE = YES;
				CLANG_WARN_UNGUARDED_AVAILABILITY = YES_AGGRESSIVE;
				CLANG_WARN_UNREACHABLE_CODE = YES;
				CLANG_WARN__DUPLICATE_METHOD_MATCH = YES;
				COPY_PHASE_STRIP = NO;
				DEBUG_INFORMATION_FORMAT = "dwarf-with-dsym";
				ENABLE_NS_ASSERTIONS = NO;
				ENABLE_STRICT_OBJC_MSGSEND = YES;
				ENABLE_USER_SCRIPT_SANDBOXING = NO;
				GCC_C_LANGUAGE_STANDARD = gnu17;
				GCC_NO_COMMON_BLOCKS = YES;
				GCC_WARN_64_TO_32_BIT_CONVERSION = YES;
				GCC_WARN_ABOUT_RETURN_TYPE = YES_ERROR;
				GCC_WARN_UNDECLARED_SELECTOR = YES;
				GCC_WARN_UNINITIALIZED_AUTOS = YES_AGGRESSIVE;
				GCC_WARN_UNUSED_FUNCTION = YES;
				GCC_WARN_UNUSED_VARIABLE = YES;
				IPHONEOS_DEPLOYMENT_TARGET = 17.2;
				LOCALIZATION_PREFERS_STRING_CATALOGS = YES;
				MTL_ENABLE_DEBUG_INFO = NO;
				MTL_FAST_MATH = YES;
				SDKROOT = iphoneos;
				SWIFT_COMPILATION_MODE = wholemodule;
				VALIDATE_PRODUCT = YES;
			};
			name = Release;
		};
		462B74DC2B62C4B500319B06 /* Debug */ = {
			isa = XCBuildConfiguration;
			baseConfigurationReference = 11AB45728D7E4E0040FDDBCD /* Pods-DialogDroid.debug.xcconfig */;
			buildSettings = {
				ASSETCATALOG_COMPILER_APPICON_NAME = AppIcon;
				ASSETCATALOG_COMPILER_GLOBAL_ACCENT_COLOR_NAME = AccentColor;
				CODE_SIGN_STYLE = Automatic;
				CURRENT_PROJECT_VERSION = 1;
				DEVELOPMENT_TEAM = 68DGCYQ83R;
				GENERATE_INFOPLIST_FILE = YES;
				INFOPLIST_FILE = DialogDroid/Sources/SupportingFiles/Info.plist;
				INFOPLIST_KEY_LSApplicationCategoryType = "public.app-category.education";
				INFOPLIST_KEY_UIApplicationSupportsIndirectInputEvents = YES;
				INFOPLIST_KEY_UILaunchStoryboardName = LaunchScreen;
				INFOPLIST_KEY_UIMainStoryboardFile = Main;
				INFOPLIST_KEY_UIStatusBarStyle = "";
				INFOPLIST_KEY_UISupportedInterfaceOrientations = UIInterfaceOrientationPortrait;
				INFOPLIST_KEY_UISupportedInterfaceOrientations_iPad = "UIInterfaceOrientationLandscapeLeft UIInterfaceOrientationLandscapeRight UIInterfaceOrientationPortrait UIInterfaceOrientationPortraitUpsideDown";
				IPHONEOS_DEPLOYMENT_TARGET = 15.0;
				LD_RUNPATH_SEARCH_PATHS = (
					"$(inherited)",
					"@executable_path/Frameworks",
				);
				MARKETING_VERSION = 1.0;
				PRODUCT_BUNDLE_IDENTIFIER = SergeyChumovskikh.DialogDroid;
				PRODUCT_NAME = "$(TARGET_NAME)";
				SUPPORTED_PLATFORMS = "iphoneos iphonesimulator";
				SUPPORTS_MACCATALYST = NO;
				SUPPORTS_MAC_DESIGNED_FOR_IPHONE_IPAD = NO;
				SWIFT_EMIT_LOC_STRINGS = YES;
				SWIFT_VERSION = 5.0;
				TARGETED_DEVICE_FAMILY = 1;
			};
			name = Debug;
		};
		462B74DD2B62C4B500319B06 /* Release */ = {
			isa = XCBuildConfiguration;
			baseConfigurationReference = 01F7D319AE533D1FD6324B3C /* Pods-DialogDroid.release.xcconfig */;
			buildSettings = {
				ASSETCATALOG_COMPILER_APPICON_NAME = AppIcon;
				ASSETCATALOG_COMPILER_GLOBAL_ACCENT_COLOR_NAME = AccentColor;
				CODE_SIGN_STYLE = Automatic;
				CURRENT_PROJECT_VERSION = 1;
				DEVELOPMENT_TEAM = 68DGCYQ83R;
				GENERATE_INFOPLIST_FILE = YES;
				INFOPLIST_FILE = DialogDroid/Sources/SupportingFiles/Info.plist;
				INFOPLIST_KEY_LSApplicationCategoryType = "public.app-category.education";
				INFOPLIST_KEY_UIApplicationSupportsIndirectInputEvents = YES;
				INFOPLIST_KEY_UILaunchStoryboardName = LaunchScreen;
				INFOPLIST_KEY_UIMainStoryboardFile = Main;
				INFOPLIST_KEY_UIStatusBarStyle = "";
				INFOPLIST_KEY_UISupportedInterfaceOrientations = UIInterfaceOrientationPortrait;
				INFOPLIST_KEY_UISupportedInterfaceOrientations_iPad = "UIInterfaceOrientationLandscapeLeft UIInterfaceOrientationLandscapeRight UIInterfaceOrientationPortrait UIInterfaceOrientationPortraitUpsideDown";
				IPHONEOS_DEPLOYMENT_TARGET = 15.0;
				LD_RUNPATH_SEARCH_PATHS = (
					"$(inherited)",
					"@executable_path/Frameworks",
				);
				MARKETING_VERSION = 1.0;
				PRODUCT_BUNDLE_IDENTIFIER = SergeyChumovskikh.DialogDroid;
				PRODUCT_NAME = "$(TARGET_NAME)";
				SUPPORTED_PLATFORMS = "iphoneos iphonesimulator";
				SUPPORTS_MACCATALYST = NO;
				SUPPORTS_MAC_DESIGNED_FOR_IPHONE_IPAD = NO;
				SWIFT_EMIT_LOC_STRINGS = YES;
				SWIFT_VERSION = 5.0;
				TARGETED_DEVICE_FAMILY = 1;
			};
			name = Release;
		};
/* End XCBuildConfiguration section */

/* Begin XCConfigurationList section */
		462B74C22B62C4B400319B06 /* Build configuration list for PBXProject "DialogDroid" */ = {
			isa = XCConfigurationList;
			buildConfigurations = (
				462B74D92B62C4B500319B06 /* Debug */,
				462B74DA2B62C4B500319B06 /* Release */,
			);
			defaultConfigurationIsVisible = 0;
			defaultConfigurationName = Release;
		};
		462B74DB2B62C4B500319B06 /* Build configuration list for PBXNativeTarget "DialogDroid" */ = {
			isa = XCConfigurationList;
			buildConfigurations = (
				462B74DC2B62C4B500319B06 /* Debug */,
				462B74DD2B62C4B500319B06 /* Release */,
			);
			defaultConfigurationIsVisible = 0;
			defaultConfigurationName = Release;
		};
/* End XCConfigurationList section */

/* Begin XCVersionGroup section */
		466CCE742B73DAF200551745 /* DataModel.xcdatamodeld */ = {
			isa = XCVersionGroup;
			children = (
				466CCE752B73DAF200551745 /* DataModel.xcdatamodel */,
			);
			currentVersion = 466CCE752B73DAF200551745 /* DataModel.xcdatamodel */;
			path = DataModel.xcdatamodeld;
			sourceTree = "<group>";
			versionGroupType = wrapper.xcdatamodel;
		};
/* End XCVersionGroup section */
	};
	rootObject = 462B74BF2B62C4B400319B06 /* Project object */;
}
